
Microsoft Visual Studio Solution File, Format Version 12.00
# Visual Studio Version 17
VisualStudioVersion = 17.4.33213.308
MinimumVisualStudioVersion = 10.0.40219.1
Project("{FAE04EC0-301F-11D3-BF4B-00C04F79EFBC}") = "AplicacionWebAdministrador", "AplicacionWebAdministrador\AplicacionWebAdministrador.csproj", "{FC79667A-B8F5-4DA8-AEB4-5631F5F72F19}"
EndProject
Global
	GlobalSection(SolutionConfigurationPlatforms) = preSolution
		Debug|Any CPU = Debug|Any CPU
		Release|Any CPU = Release|Any CPU
	EndGlobalSection
	GlobalSection(ProjectConfigurationPlatforms) = postSolution
		{FC79667A-B8F5-4DA8-AEB4-5631F5F72F19}.Debug|Any CPU.ActiveCfg = Debug|Any CPU
		{FC79667A-B8F5-4DA8-AEB4-5631F5F72F19}.Debug|Any CPU.Build.0 = Debug|Any CPU
		{FC79667A-B8F5-4DA8-AEB4-5631F5F72F19}.Release|Any CPU.ActiveCfg = Release|Any CPU
		{FC79667A-B8F5-4DA8-AEB4-5631F5F72F19}.Release|Any CPU.Build.0 = Release|Any CPU
	EndGlobalSection
	GlobalSection(SolutionProperties) = preSolution
		HideSolutionNode = FALSE
	EndGlobalSection
	GlobalSection(ExtensibilityGlobals) = postSolution
		SolutionGuid = {B02D58DD-505A-4ABF-B4BE-3C8C4F82DA28}
	EndGlobalSection
EndGlobal
